{
  "github/skill/brainstorming": {
    "sha": "f2cbfbefebbfef77321e4c9abc9e949826bea9d7",
    "raw_url": "https://raw.githubusercontent.com/obra/superpowers/f2cbfbefebbfef77321e4c9abc9e949826bea9d7/skills/brainstorming/SKILL.md"
  },
  "github/skill/requesting-code-review": {
    "sha": "f2cbfbefebbfef77321e4c9abc9e949826bea9d7",
    "raw_url": "https://raw.githubusercontent.com/obra/superpowers/f2cbfbefebbfef77321e4c9abc9e949826bea9d7/skills/requesting-code-review/SKILL.md"
  },
  "github/skill/subagent-driven-development": {
    "sha": "f2cbfbefebbfef77321e4c9abc9e949826bea9d7",
    "raw_url": "https://raw.githubusercontent.com/obra/superpowers/f2cbfbefebbfef77321e4c9abc9e949826bea9d7/skills/subagent-driven-development/SKILL.md"
  },
  "github/skill/systematic-debugging": {
    "sha": "f2cbfbefebbfef77321e4c9abc9e949826bea9d7",
    "raw_url": "https://raw.githubusercontent.com/obra/superpowers/f2cbfbefebbfef77321e4c9abc9e949826bea9d7/skills/systematic-debugging/SKILL.md"
  },
  "github/skill/test-driven-development": {
    "sha": "f2cbfbefebbfef77321e4c9abc9e949826bea9d7",
    "raw_url": "https://raw.githubusercontent.com/obra/superpowers/f2cbfbefebbfef77321e4c9abc9e949826bea9d7/skills/test-driven-development/SKILL.md"
  },
  "github/skill/using-superpowers": {
    "sha": "f2cbfbefebbfef77321e4c9abc9e949826bea9d7",
    "raw_url": "https://raw.githubusercontent.com/obra/superpowers/f2cbfbefebbfef77321e4c9abc9e949826bea9d7/skills/using-superpowers/SKILL.md"
  },
  "github/skill/verification-before-completion": {
    "sha": "f2cbfbefebbfef77321e4c9abc9e949826bea9d7",
    "raw_url": "https://raw.githubusercontent.com/obra/superpowers/f2cbfbefebbfef77321e4c9abc9e949826bea9d7/skills/verification-before-completion/SKILL.md"
  },
  "github/skill/writing-plans": {
    "sha": "f2cbfbefebbfef77321e4c9abc9e949826bea9d7",
    "raw_url": "https://raw.githubusercontent.com/obra/superpowers/f2cbfbefebbfef77321e4c9abc9e949826bea9d7/skills/writing-plans/SKILL.md"
  }
}
